
Microsoft Visual Studio Solution File, Format Version 12.00
# Visual Studio Version 17
VisualStudioVersion = 17.7.34024.191
MinimumVisualStudioVersion = 10.0.40219.1
Project("{9A19103F-16F7-4668-BE54-9A1E7A4F7556}") = "StackSwapApplication", "StackSwapApplication\StackSwapApplication.csproj", "{042C891D-4C37-447C-86EF-02A1C47C4C4C}"
EndProject
Global
	GlobalSection(SolutionConfigurationPlatforms) = preSolution
		Debug|Any CPU = Debug|Any CPU
		Release|Any CPU = Release|Any CPU
	EndGlobalSection
	GlobalSection(ProjectConfigurationPlatforms) = postSolution
		{042C891D-4C37-447C-86EF-02A1C47C4C4C}.Debug|Any CPU.ActiveCfg = Debug|Any CPU
		{042C891D-4C37-447C-86EF-02A1C47C4C4C}.Debug|Any CPU.Build.0 = Debug|Any CPU
		{042C891D-4C37-447C-86EF-02A1C47C4C4C}.Release|Any CPU.ActiveCfg = Release|Any CPU
		{042C891D-4C37-447C-86EF-02A1C47C4C4C}.Release|Any CPU.Build.0 = Release|Any CPU
	EndGlobalSection
	GlobalSection(SolutionProperties) = preSolution
		HideSolutionNode = FALSE
	EndGlobalSection
	GlobalSection(ExtensibilityGlobals) = postSolution
		SolutionGuid = {CD79DBAE-F515-4C5A-8243-8B158728B4A8}
	EndGlobalSection
EndGlobal
